{
  "nodes": {
    "home-manager": {
      "inputs": {
        "nixpkgs": [
          "nixpkgs"
        ]
      },
      "locked": {
        "lastModified": 1715381426,
        "narHash": "sha256-wPuqrAQGdv3ISs74nJfGb+Yprm23U/rFpcHFFNWgM94=",
        "owner": "nix-community",
        "repo": "home-manager",
        "rev": "ab5542e9dbd13d0100f8baae2bc2d68af901f4b4",
        "type": "github"
      },
      "original": {
        "owner": "nix-community",
        "ref": "release-23.11",
        "repo": "home-manager",
        "type": "github"
      }
    },
    "nixpkgs": {
      "locked": {
        "lastModified": 1708702655,
        "narHash": "sha256-qxT5jSLhelfLhQ07+AUxSTm1VnVH+hQxDkQSZ/m/Smo=",
        "owner": "nixos",
        "repo": "nixpkgs",
        "rev": "c5101e457206dd437330d283d6626944e28794b3",
        "type": "github"
      },
      "original": {
        "owner": "nixos",
        "ref": "nixos-23.11",
        "repo": "nixpkgs",
        "type": "github"
      }
    },
    "root": {
      "inputs": {
        "home-manager": "home-manager",
        "nixpkgs": "nixpkgs",
        "testing-website": "testing-website"
      }
    },
    "testing-website": {
      "flake": false,
      "locked": {
        "lastModified": 1714651421,
        "narHash": "sha256-KusYOkUwCgIQfyANyvZfB9/VO9MBquI8SI/TVJD+FuE=",
        "owner": "rizqirazkafi",
        "repo": "testing-website",
        "rev": "c0fc39b315f8a5fe09432a0d4a203757007b5347",
        "type": "github"
      },
      "original": {
        "owner": "rizqirazkafi",
        "repo": "testing-website",
        "type": "github"
      }
    }
  },
  "root": "root",
  "version": 7
}
